
Microsoft Visual Studio Solution File, Format Version 10.00
# Visual Studio 2008
Project("{FAE04EC0-301F-11D3-BF4B-00C04F79EFBC}") = "CAMSignatureCapture", "CAMSignatureCapture\CAMSignatureCapture.csproj", "{F4F6CA6E-09F9-4A3A-9796-A4C122DA5C8C}"
EndProject
Global
	GlobalSection(SolutionConfigurationPlatforms) = preSolution
		Debug|Any CPU = Debug|Any CPU
		Release|Any CPU = Release|Any CPU
	EndGlobalSection
	GlobalSection(ProjectConfigurationPlatforms) = postSolution
		{F4F6CA6E-09F9-4A3A-9796-A4C122DA5C8C}.Debug|Any CPU.ActiveCfg = Debug|Any CPU
		{F4F6CA6E-09F9-4A3A-9796-A4C122DA5C8C}.Debug|Any CPU.Build.0 = Debug|Any CPU
		{F4F6CA6E-09F9-4A3A-9796-A4C122DA5C8C}.Debug|Any CPU.Deploy.0 = Debug|Any CPU
		{F4F6CA6E-09F9-4A3A-9796-A4C122DA5C8C}.Release|Any CPU.ActiveCfg = Release|Any CPU
		{F4F6CA6E-09F9-4A3A-9796-A4C122DA5C8C}.Release|Any CPU.Build.0 = Release|Any CPU
		{F4F6CA6E-09F9-4A3A-9796-A4C122DA5C8C}.Release|Any CPU.Deploy.0 = Release|Any CPU
	EndGlobalSection
	GlobalSection(SolutionProperties) = preSolution
		HideSolutionNode = FALSE
	EndGlobalSection
EndGlobal
